
Microsoft Visual Studio Solution File, Format Version 12.00
# Visual Studio Version 17
VisualStudioVersion = 17.10.35122.118
MinimumVisualStudioVersion = 10.0.40219.1
Project("{FAE04EC0-301F-11D3-BF4B-00C04F79EFBC}") = "Practice3", "Practice3.csproj", "{3D3CEC73-01CA-4C36-A8F4-DE782A6478F5}"
EndProject
Global
	GlobalSection(SolutionConfigurationPlatforms) = preSolution
		Debug|Any CPU = Debug|Any CPU
		Release|Any CPU = Release|Any CPU
	EndGlobalSection
	GlobalSection(ProjectConfigurationPlatforms) = postSolution
		{3D3CEC73-01CA-4C36-A8F4-DE782A6478F5}.Debug|Any CPU.ActiveCfg = Debug|Any CPU
		{3D3CEC73-01CA-4C36-A8F4-DE782A6478F5}.Debug|Any CPU.Build.0 = Debug|Any CPU
		{3D3CEC73-01CA-4C36-A8F4-DE782A6478F5}.Release|Any CPU.ActiveCfg = Release|Any CPU
		{3D3CEC73-01CA-4C36-A8F4-DE782A6478F5}.Release|Any CPU.Build.0 = Release|Any CPU
	EndGlobalSection
	GlobalSection(SolutionProperties) = preSolution
		HideSolutionNode = FALSE
	EndGlobalSection
	GlobalSection(ExtensibilityGlobals) = postSolution
		SolutionGuid = {71FB9E08-1077-4E83-BF16-6E5DD3FD1681}
	EndGlobalSection
EndGlobal
